{
  "name": "assets",
  "lockfileVersion": 3,
  "requires": true,
  "packages": {
    "": {
      "dependencies": {
        "@stripe/stripe-js": "^7.9.0"
      }
    },
    "node_modules/@stripe/stripe-js": {
      "version": "7.9.0",
      "resolved": "https://registry.npmjs.org/@stripe/stripe-js/-/stripe-js-7.9.0.tgz",
      "integrity": "sha512-ggs5k+/0FUJcIgNY08aZTqpBTtbExkJMYMLSMwyucrhtWexVOEY1KJmhBsxf+E/Q15f5rbwBpj+t0t2AW2oCsQ==",
      "license": "MIT",
      "engines": {
        "node": ">=12.16"
      }
    }
  }
}
